
Microsoft Visual Studio Solution File, Format Version 12.00
# Visual Studio Version 16
VisualStudioVersion = 25.0.1706.14
MinimumVisualStudioVersion = 10.0.40219.1
Project("{FAE04EC0-301F-11D3-BF4B-00C04F79EFBC}") = "EMPLOYE", "EMPLOYE\EMPLOYE.csproj", "{CA73A424-3554-4C8E-BB41-B6A9DC19D84E}"
EndProject
Global
	GlobalSection(SolutionConfigurationPlatforms) = preSolution
		Debug|Any CPU = Debug|Any CPU
		Release|Any CPU = Release|Any CPU
	EndGlobalSection
	GlobalSection(ProjectConfigurationPlatforms) = postSolution
		{CA73A424-3554-4C8E-BB41-B6A9DC19D84E}.Debug|Any CPU.ActiveCfg = Debug|Any CPU
		{CA73A424-3554-4C8E-BB41-B6A9DC19D84E}.Debug|Any CPU.Build.0 = Debug|Any CPU
		{CA73A424-3554-4C8E-BB41-B6A9DC19D84E}.Release|Any CPU.ActiveCfg = Release|Any CPU
		{CA73A424-3554-4C8E-BB41-B6A9DC19D84E}.Release|Any CPU.Build.0 = Release|Any CPU
	EndGlobalSection
	GlobalSection(SolutionProperties) = preSolution
		HideSolutionNode = FALSE
	EndGlobalSection
	GlobalSection(ExtensibilityGlobals) = postSolution
		SolutionGuid = {502CE988-3E51-495F-BCDE-42B8250BA3F9}
	EndGlobalSection
EndGlobal
