
Microsoft Visual Studio Solution File, Format Version 12.00
# Visual Studio Version 16
VisualStudioVersion = 25.0.1706.14
MinimumVisualStudioVersion = 10.0.40219.1
Project("{FAE04EC0-301F-11D3-BF4B-00C04F79EFBC}") = "TPCOMPTE1", "TPCOMPTE1\TPCOMPTE1.csproj", "{2AA08BE4-1B67-4252-9654-A97020E7979B}"
EndProject
Global
	GlobalSection(SolutionConfigurationPlatforms) = preSolution
		Debug|Any CPU = Debug|Any CPU
		Release|Any CPU = Release|Any CPU
	EndGlobalSection
	GlobalSection(ProjectConfigurationPlatforms) = postSolution
		{2AA08BE4-1B67-4252-9654-A97020E7979B}.Debug|Any CPU.ActiveCfg = Debug|Any CPU
		{2AA08BE4-1B67-4252-9654-A97020E7979B}.Debug|Any CPU.Build.0 = Debug|Any CPU
		{2AA08BE4-1B67-4252-9654-A97020E7979B}.Release|Any CPU.ActiveCfg = Release|Any CPU
		{2AA08BE4-1B67-4252-9654-A97020E7979B}.Release|Any CPU.Build.0 = Release|Any CPU
	EndGlobalSection
	GlobalSection(SolutionProperties) = preSolution
		HideSolutionNode = FALSE
	EndGlobalSection
	GlobalSection(ExtensibilityGlobals) = postSolution
		SolutionGuid = {184A2B89-EE15-4CCF-8414-58AA9642BE87}
	EndGlobalSection
EndGlobal
