
Microsoft Visual Studio Solution File, Format Version 12.00
# Visual Studio Version 16
VisualStudioVersion = 25.0.1706.14
MinimumVisualStudioVersion = 10.0.40219.1
Project("{FAE04EC0-301F-11D3-BF4B-00C04F79EFBC}") = "TPCOMPTE", "TPCOMPTE.csproj", "{2B594E88-613A-4DCE-BC61-1BD877F13CB3}"
EndProject
Global
	GlobalSection(SolutionConfigurationPlatforms) = preSolution
		Debug|Any CPU = Debug|Any CPU
		Release|Any CPU = Release|Any CPU
	EndGlobalSection
	GlobalSection(ProjectConfigurationPlatforms) = postSolution
		{2B594E88-613A-4DCE-BC61-1BD877F13CB3}.Debug|Any CPU.ActiveCfg = Debug|Any CPU
		{2B594E88-613A-4DCE-BC61-1BD877F13CB3}.Debug|Any CPU.Build.0 = Debug|Any CPU
		{2B594E88-613A-4DCE-BC61-1BD877F13CB3}.Release|Any CPU.ActiveCfg = Release|Any CPU
		{2B594E88-613A-4DCE-BC61-1BD877F13CB3}.Release|Any CPU.Build.0 = Release|Any CPU
	EndGlobalSection
	GlobalSection(SolutionProperties) = preSolution
		HideSolutionNode = FALSE
	EndGlobalSection
	GlobalSection(ExtensibilityGlobals) = postSolution
		SolutionGuid = {8021B27F-BECF-475D-AF27-7145D83F0027}
	EndGlobalSection
EndGlobal
